
Microsoft Visual Studio Solution File, Format Version 12.00
# Visual Studio Version 16
VisualStudioVersion = 16.0.31313.79
MinimumVisualStudioVersion = 10.0.40219.1
Project("{9A19103F-16F7-4668-BE54-9A1E7A4F7556}") = "SNSConsumer", "SNSConsumer\SNSConsumer.csproj", "{3F7F1538-46C0-498F-832A-41B7C345432A}"
EndProject
Global
	GlobalSection(SolutionConfigurationPlatforms) = preSolution
		Debug|Any CPU = Debug|Any CPU
		Release|Any CPU = Release|Any CPU
	EndGlobalSection
	GlobalSection(ProjectConfigurationPlatforms) = postSolution
		{3F7F1538-46C0-498F-832A-41B7C345432A}.Debug|Any CPU.ActiveCfg = Debug|Any CPU
		{3F7F1538-46C0-498F-832A-41B7C345432A}.Debug|Any CPU.Build.0 = Debug|Any CPU
		{3F7F1538-46C0-498F-832A-41B7C345432A}.Release|Any CPU.ActiveCfg = Release|Any CPU
		{3F7F1538-46C0-498F-832A-41B7C345432A}.Release|Any CPU.Build.0 = Release|Any CPU
	EndGlobalSection
	GlobalSection(SolutionProperties) = preSolution
		HideSolutionNode = FALSE
	EndGlobalSection
	GlobalSection(ExtensibilityGlobals) = postSolution
		SolutionGuid = {39CA05DD-CA58-48FF-9F9C-2A60F28B8009}
	EndGlobalSection
EndGlobal
